
Microsoft Visual Studio Solution File, Format Version 12.00
# Visual Studio Version 17
VisualStudioVersion = 17.0.31903.59
MinimumVisualStudioVersion = 10.0.40219.1
Project("{2150E333-8FDC-42A3-9474-1A3956D46DE8}") = "src", "src", "{827E0CD3-B72D-47B6-A68D-7590B98EB39B}"
EndProject
Project("{FAE04EC0-301F-11D3-BF4B-00C04F79EFBC}") = "Nova.Common", "src\Nova.Common\Nova.Common.csproj", "{784F6E4D-3E76-4868-A1D3-209D366A4872}"
EndProject
Project("{FAE04EC0-301F-11D3-BF4B-00C04F79EFBC}") = "Nova.Presentation", "src\Nova.Presentation\Nova.Presentation.csproj", "{849ADC4B-6EF6-4572-ACFF-FC0FBE9D8C7E}"
EndProject
Project("{FAE04EC0-301F-11D3-BF4B-00C04F79EFBC}") = "Nova.Domain", "src\Nova.Domain\Nova.Domain.csproj", "{9C57CCB5-8707-419A-A847-3F47F8FABB1D}"
EndProject
Project("{FAE04EC0-301F-11D3-BF4B-00C04F79EFBC}") = "Nova.Infrastructure", "src\Nova.Infrastructure\Nova.Infrastructure.csproj", "{4E013758-8F43-48D0-A8D6-6597D395A53D}"
EndProject
Project("{FAE04EC0-301F-11D3-BF4B-00C04F79EFBC}") = "Nova.Application", "src\Nova.Application\Nova.Application.csproj", "{56B68FD3-1456-4DBD-8707-4817DA8F7FEC}"
EndProject
Project("{FAE04EC0-301F-11D3-BF4B-00C04F79EFBC}") = "Nova.Domain.Tests", "src\Nova.Domain.Tests\Nova.Domain.Tests.csproj", "{0CB90BF9-4C12-410A-BE3D-AE980C34B430}"
EndProject
Project("{FAE04EC0-301F-11D3-BF4B-00C04F79EFBC}") = "Nova.Application.Tests", "src\Nova.Application.Tests\Nova.Application.Tests.csproj", "{F81FC847-E275-4C64-8730-D3818DF831B2}"
EndProject
Project("{FAE04EC0-301F-11D3-BF4B-00C04F79EFBC}") = "Nova.Infrastructure.Tests", "src\Nova.Infrastructure.Tests\Nova.Infrastructure.Tests.csproj", "{55BCFC14-16E7-451B-A5BB-9C6000B3DA21}"
EndProject
Project("{FAE04EC0-301F-11D3-BF4B-00C04F79EFBC}") = "Nova.Presentation.Tests", "src\Nova.Presentation.Tests\Nova.Presentation.Tests.csproj", "{405EB675-13CF-478B-9285-25C9AC6FC91B}"
EndProject
Project("{FAE04EC0-301F-11D3-BF4B-00C04F79EFBC}") = "Nova.Midi", "src\Nova.Midi\Nova.Midi.csproj", "{45FEA117-A1A9-4C8D-8132-06E061E0CAB0}"
EndProject
Project("{FAE04EC0-301F-11D3-BF4B-00C04F79EFBC}") = "Nova.Midi.Tests", "src\Nova.Midi.Tests\Nova.Midi.Tests.csproj", "{E5D34BAD-0D82-4AC6-9039-80F70ADC4175}"
EndProject
Global
	GlobalSection(SolutionConfigurationPlatforms) = preSolution
		Debug|Any CPU = Debug|Any CPU
		Debug|x64 = Debug|x64
		Debug|x86 = Debug|x86
		Release|Any CPU = Release|Any CPU
		Release|x64 = Release|x64
		Release|x86 = Release|x86
	EndGlobalSection
	GlobalSection(ProjectConfigurationPlatforms) = postSolution
		{784F6E4D-3E76-4868-A1D3-209D366A4872}.Debug|Any CPU.ActiveCfg = Debug|Any CPU
		{784F6E4D-3E76-4868-A1D3-209D366A4872}.Debug|Any CPU.Build.0 = Debug|Any CPU
		{784F6E4D-3E76-4868-A1D3-209D366A4872}.Debug|x64.ActiveCfg = Debug|Any CPU
		{784F6E4D-3E76-4868-A1D3-209D366A4872}.Debug|x64.Build.0 = Debug|Any CPU
		{784F6E4D-3E76-4868-A1D3-209D366A4872}.Debug|x86.ActiveCfg = Debug|Any CPU
		{784F6E4D-3E76-4868-A1D3-209D366A4872}.Debug|x86.Build.0 = Debug|Any CPU
		{784F6E4D-3E76-4868-A1D3-209D366A4872}.Release|Any CPU.ActiveCfg = Release|Any CPU
		{784F6E4D-3E76-4868-A1D3-209D366A4872}.Release|Any CPU.Build.0 = Release|Any CPU
		{784F6E4D-3E76-4868-A1D3-209D366A4872}.Release|x64.ActiveCfg = Release|Any CPU
		{784F6E4D-3E76-4868-A1D3-209D366A4872}.Release|x64.Build.0 = Release|Any CPU
		{784F6E4D-3E76-4868-A1D3-209D366A4872}.Release|x86.ActiveCfg = Release|Any CPU
		{784F6E4D-3E76-4868-A1D3-209D366A4872}.Release|x86.Build.0 = Release|Any CPU
		{849ADC4B-6EF6-4572-ACFF-FC0FBE9D8C7E}.Debug|Any CPU.ActiveCfg = Debug|Any CPU
		{849ADC4B-6EF6-4572-ACFF-FC0FBE9D8C7E}.Debug|Any CPU.Build.0 = Debug|Any CPU
		{849ADC4B-6EF6-4572-ACFF-FC0FBE9D8C7E}.Debug|x64.ActiveCfg = Debug|Any CPU
		{849ADC4B-6EF6-4572-ACFF-FC0FBE9D8C7E}.Debug|x64.Build.0 = Debug|Any CPU
		{849ADC4B-6EF6-4572-ACFF-FC0FBE9D8C7E}.Debug|x86.ActiveCfg = Debug|Any CPU
		{849ADC4B-6EF6-4572-ACFF-FC0FBE9D8C7E}.Debug|x86.Build.0 = Debug|Any CPU
		{849ADC4B-6EF6-4572-ACFF-FC0FBE9D8C7E}.Release|Any CPU.ActiveCfg = Release|Any CPU
		{849ADC4B-6EF6-4572-ACFF-FC0FBE9D8C7E}.Release|Any CPU.Build.0 = Release|Any CPU
		{849ADC4B-6EF6-4572-ACFF-FC0FBE9D8C7E}.Release|x64.ActiveCfg = Release|Any CPU
		{849ADC4B-6EF6-4572-ACFF-FC0FBE9D8C7E}.Release|x64.Build.0 = Release|Any CPU
		{849ADC4B-6EF6-4572-ACFF-FC0FBE9D8C7E}.Release|x86.ActiveCfg = Release|Any CPU
		{849ADC4B-6EF6-4572-ACFF-FC0FBE9D8C7E}.Release|x86.Build.0 = Release|Any CPU
		{9C57CCB5-8707-419A-A847-3F47F8FABB1D}.Debug|Any CPU.ActiveCfg = Debug|Any CPU
		{9C57CCB5-8707-419A-A847-3F47F8FABB1D}.Debug|Any CPU.Build.0 = Debug|Any CPU
		{9C57CCB5-8707-419A-A847-3F47F8FABB1D}.Debug|x64.ActiveCfg = Debug|Any CPU
		{9C57CCB5-8707-419A-A847-3F47F8FABB1D}.Debug|x64.Build.0 = Debug|Any CPU
		{9C57CCB5-8707-419A-A847-3F47F8FABB1D}.Debug|x86.ActiveCfg = Debug|Any CPU
		{9C57CCB5-8707-419A-A847-3F47F8FABB1D}.Debug|x86.Build.0 = Debug|Any CPU
		{9C57CCB5-8707-419A-A847-3F47F8FABB1D}.Release|Any CPU.ActiveCfg = Release|Any CPU
		{9C57CCB5-8707-419A-A847-3F47F8FABB1D}.Release|Any CPU.Build.0 = Release|Any CPU
		{9C57CCB5-8707-419A-A847-3F47F8FABB1D}.Release|x64.ActiveCfg = Release|Any CPU
		{9C57CCB5-8707-419A-A847-3F47F8FABB1D}.Release|x64.Build.0 = Release|Any CPU
		{9C57CCB5-8707-419A-A847-3F47F8FABB1D}.Release|x86.ActiveCfg = Release|Any CPU
		{9C57CCB5-8707-419A-A847-3F47F8FABB1D}.Release|x86.Build.0 = Release|Any CPU
		{4E013758-8F43-48D0-A8D6-6597D395A53D}.Debug|Any CPU.ActiveCfg = Debug|Any CPU
		{4E013758-8F43-48D0-A8D6-6597D395A53D}.Debug|Any CPU.Build.0 = Debug|Any CPU
		{4E013758-8F43-48D0-A8D6-6597D395A53D}.Debug|x64.ActiveCfg = Debug|Any CPU
		{4E013758-8F43-48D0-A8D6-6597D395A53D}.Debug|x64.Build.0 = Debug|Any CPU
		{4E013758-8F43-48D0-A8D6-6597D395A53D}.Debug|x86.ActiveCfg = Debug|Any CPU
		{4E013758-8F43-48D0-A8D6-6597D395A53D}.Debug|x86.Build.0 = Debug|Any CPU
		{4E013758-8F43-48D0-A8D6-6597D395A53D}.Release|Any CPU.ActiveCfg = Release|Any CPU
		{4E013758-8F43-48D0-A8D6-6597D395A53D}.Release|Any CPU.Build.0 = Release|Any CPU
		{4E013758-8F43-48D0-A8D6-6597D395A53D}.Release|x64.ActiveCfg = Release|Any CPU
		{4E013758-8F43-48D0-A8D6-6597D395A53D}.Release|x64.Build.0 = Release|Any CPU
		{4E013758-8F43-48D0-A8D6-6597D395A53D}.Release|x86.ActiveCfg = Release|Any CPU
		{4E013758-8F43-48D0-A8D6-6597D395A53D}.Release|x86.Build.0 = Release|Any CPU
		{56B68FD3-1456-4DBD-8707-4817DA8F7FEC}.Debug|Any CPU.ActiveCfg = Debug|Any CPU
		{56B68FD3-1456-4DBD-8707-4817DA8F7FEC}.Debug|Any CPU.Build.0 = Debug|Any CPU
		{56B68FD3-1456-4DBD-8707-4817DA8F7FEC}.Debug|x64.ActiveCfg = Debug|Any CPU
		{56B68FD3-1456-4DBD-8707-4817DA8F7FEC}.Debug|x64.Build.0 = Debug|Any CPU
		{56B68FD3-1456-4DBD-8707-4817DA8F7FEC}.Debug|x86.ActiveCfg = Debug|Any CPU
		{56B68FD3-1456-4DBD-8707-4817DA8F7FEC}.Debug|x86.Build.0 = Debug|Any CPU
		{56B68FD3-1456-4DBD-8707-4817DA8F7FEC}.Release|Any CPU.ActiveCfg = Release|Any CPU
		{56B68FD3-1456-4DBD-8707-4817DA8F7FEC}.Release|Any CPU.Build.0 = Release|Any CPU
		{56B68FD3-1456-4DBD-8707-4817DA8F7FEC}.Release|x64.ActiveCfg = Release|Any CPU
		{56B68FD3-1456-4DBD-8707-4817DA8F7FEC}.Release|x64.Build.0 = Release|Any CPU
		{56B68FD3-1456-4DBD-8707-4817DA8F7FEC}.Release|x86.ActiveCfg = Release|Any CPU
		{56B68FD3-1456-4DBD-8707-4817DA8F7FEC}.Release|x86.Build.0 = Release|Any CPU
		{0CB90BF9-4C12-410A-BE3D-AE980C34B430}.Debug|Any CPU.ActiveCfg = Debug|Any CPU
		{0CB90BF9-4C12-410A-BE3D-AE980C34B430}.Debug|Any CPU.Build.0 = Debug|Any CPU
		{0CB90BF9-4C12-410A-BE3D-AE980C34B430}.Debug|x64.ActiveCfg = Debug|Any CPU
		{0CB90BF9-4C12-410A-BE3D-AE980C34B430}.Debug|x64.Build.0 = Debug|Any CPU
		{0CB90BF9-4C12-410A-BE3D-AE980C34B430}.Debug|x86.ActiveCfg = Debug|Any CPU
		{0CB90BF9-4C12-410A-BE3D-AE980C34B430}.Debug|x86.Build.0 = Debug|Any CPU
		{0CB90BF9-4C12-410A-BE3D-AE980C34B430}.Release|Any CPU.ActiveCfg = Release|Any CPU
		{0CB90BF9-4C12-410A-BE3D-AE980C34B430}.Release|Any CPU.Build.0 = Release|Any CPU
		{0CB90BF9-4C12-410A-BE3D-AE980C34B430}.Release|x64.ActiveCfg = Release|Any CPU
		{0CB90BF9-4C12-410A-BE3D-AE980C34B430}.Release|x64.Build.0 = Release|Any CPU
		{0CB90BF9-4C12-410A-BE3D-AE980C34B430}.Release|x86.ActiveCfg = Release|Any CPU
		{0CB90BF9-4C12-410A-BE3D-AE980C34B430}.Release|x86.Build.0 = Release|Any CPU
		{F81FC847-E275-4C64-8730-D3818DF831B2}.Debug|Any CPU.ActiveCfg = Debug|Any CPU
		{F81FC847-E275-4C64-8730-D3818DF831B2}.Debug|Any CPU.Build.0 = Debug|Any CPU
		{F81FC847-E275-4C64-8730-D3818DF831B2}.Debug|x64.ActiveCfg = Debug|Any CPU
		{F81FC847-E275-4C64-8730-D3818DF831B2}.Debug|x64.Build.0 = Debug|Any CPU
		{F81FC847-E275-4C64-8730-D3818DF831B2}.Debug|x86.ActiveCfg = Debug|Any CPU
		{F81FC847-E275-4C64-8730-D3818DF831B2}.Debug|x86.Build.0 = Debug|Any CPU
		{F81FC847-E275-4C64-8730-D3818DF831B2}.Release|Any CPU.ActiveCfg = Release|Any CPU
		{F81FC847-E275-4C64-8730-D3818DF831B2}.Release|Any CPU.Build.0 = Release|Any CPU
		{F81FC847-E275-4C64-8730-D3818DF831B2}.Release|x64.ActiveCfg = Release|Any CPU
		{F81FC847-E275-4C64-8730-D3818DF831B2}.Release|x64.Build.0 = Release|Any CPU
		{F81FC847-E275-4C64-8730-D3818DF831B2}.Release|x86.ActiveCfg = Release|Any CPU
		{F81FC847-E275-4C64-8730-D3818DF831B2}.Release|x86.Build.0 = Release|Any CPU
		{55BCFC14-16E7-451B-A5BB-9C6000B3DA21}.Debug|Any CPU.ActiveCfg = Debug|Any CPU
		{55BCFC14-16E7-451B-A5BB-9C6000B3DA21}.Debug|Any CPU.Build.0 = Debug|Any CPU
		{55BCFC14-16E7-451B-A5BB-9C6000B3DA21}.Debug|x64.ActiveCfg = Debug|Any CPU
		{55BCFC14-16E7-451B-A5BB-9C6000B3DA21}.Debug|x64.Build.0 = Debug|Any CPU
		{55BCFC14-16E7-451B-A5BB-9C6000B3DA21}.Debug|x86.ActiveCfg = Debug|Any CPU
		{55BCFC14-16E7-451B-A5BB-9C6000B3DA21}.Debug|x86.Build.0 = Debug|Any CPU
		{55BCFC14-16E7-451B-A5BB-9C6000B3DA21}.Release|Any CPU.ActiveCfg = Release|Any CPU
		{55BCFC14-16E7-451B-A5BB-9C6000B3DA21}.Release|Any CPU.Build.0 = Release|Any CPU
		{55BCFC14-16E7-451B-A5BB-9C6000B3DA21}.Release|x64.ActiveCfg = Release|Any CPU
		{55BCFC14-16E7-451B-A5BB-9C6000B3DA21}.Release|x64.Build.0 = Release|Any CPU
		{55BCFC14-16E7-451B-A5BB-9C6000B3DA21}.Release|x86.ActiveCfg = Release|Any CPU
		{55BCFC14-16E7-451B-A5BB-9C6000B3DA21}.Release|x86.Build.0 = Release|Any CPU
		{405EB675-13CF-478B-9285-25C9AC6FC91B}.Debug|Any CPU.ActiveCfg = Debug|Any CPU
		{405EB675-13CF-478B-9285-25C9AC6FC91B}.Debug|Any CPU.Build.0 = Debug|Any CPU
		{405EB675-13CF-478B-9285-25C9AC6FC91B}.Debug|x64.ActiveCfg = Debug|Any CPU
		{405EB675-13CF-478B-9285-25C9AC6FC91B}.Debug|x64.Build.0 = Debug|Any CPU
		{405EB675-13CF-478B-9285-25C9AC6FC91B}.Debug|x86.ActiveCfg = Debug|Any CPU
		{405EB675-13CF-478B-9285-25C9AC6FC91B}.Debug|x86.Build.0 = Debug|Any CPU
		{405EB675-13CF-478B-9285-25C9AC6FC91B}.Release|Any CPU.ActiveCfg = Release|Any CPU
		{405EB675-13CF-478B-9285-25C9AC6FC91B}.Release|Any CPU.Build.0 = Release|Any CPU
		{405EB675-13CF-478B-9285-25C9AC6FC91B}.Release|x64.ActiveCfg = Release|Any CPU
		{405EB675-13CF-478B-9285-25C9AC6FC91B}.Release|x64.Build.0 = Release|Any CPU
		{405EB675-13CF-478B-9285-25C9AC6FC91B}.Release|x86.ActiveCfg = Release|Any CPU
		{405EB675-13CF-478B-9285-25C9AC6FC91B}.Release|x86.Build.0 = Release|Any CPU
		{45FEA117-A1A9-4C8D-8132-06E061E0CAB0}.Debug|Any CPU.ActiveCfg = Debug|Any CPU
		{45FEA117-A1A9-4C8D-8132-06E061E0CAB0}.Debug|Any CPU.Build.0 = Debug|Any CPU
		{45FEA117-A1A9-4C8D-8132-06E061E0CAB0}.Debug|x64.ActiveCfg = Debug|Any CPU
		{45FEA117-A1A9-4C8D-8132-06E061E0CAB0}.Debug|x64.Build.0 = Debug|Any CPU
		{45FEA117-A1A9-4C8D-8132-06E061E0CAB0}.Debug|x86.ActiveCfg = Debug|Any CPU
		{45FEA117-A1A9-4C8D-8132-06E061E0CAB0}.Debug|x86.Build.0 = Debug|Any CPU
		{45FEA117-A1A9-4C8D-8132-06E061E0CAB0}.Release|Any CPU.ActiveCfg = Release|Any CPU
		{45FEA117-A1A9-4C8D-8132-06E061E0CAB0}.Release|Any CPU.Build.0 = Release|Any CPU
		{45FEA117-A1A9-4C8D-8132-06E061E0CAB0}.Release|x64.ActiveCfg = Release|Any CPU
		{45FEA117-A1A9-4C8D-8132-06E061E0CAB0}.Release|x64.Build.0 = Release|Any CPU
		{45FEA117-A1A9-4C8D-8132-06E061E0CAB0}.Release|x86.ActiveCfg = Release|Any CPU
		{45FEA117-A1A9-4C8D-8132-06E061E0CAB0}.Release|x86.Build.0 = Release|Any CPU
		{E5D34BAD-0D82-4AC6-9039-80F70ADC4175}.Debug|Any CPU.ActiveCfg = Debug|Any CPU
		{E5D34BAD-0D82-4AC6-9039-80F70ADC4175}.Debug|Any CPU.Build.0 = Debug|Any CPU
		{E5D34BAD-0D82-4AC6-9039-80F70ADC4175}.Debug|x64.ActiveCfg = Debug|Any CPU
		{E5D34BAD-0D82-4AC6-9039-80F70ADC4175}.Debug|x64.Build.0 = Debug|Any CPU
		{E5D34BAD-0D82-4AC6-9039-80F70ADC4175}.Debug|x86.ActiveCfg = Debug|Any CPU
		{E5D34BAD-0D82-4AC6-9039-80F70ADC4175}.Debug|x86.Build.0 = Debug|Any CPU
		{E5D34BAD-0D82-4AC6-9039-80F70ADC4175}.Release|Any CPU.ActiveCfg = Release|Any CPU
		{E5D34BAD-0D82-4AC6-9039-80F70ADC4175}.Release|Any CPU.Build.0 = Release|Any CPU
		{E5D34BAD-0D82-4AC6-9039-80F70ADC4175}.Release|x64.ActiveCfg = Release|Any CPU
		{E5D34BAD-0D82-4AC6-9039-80F70ADC4175}.Release|x64.Build.0 = Release|Any CPU
		{E5D34BAD-0D82-4AC6-9039-80F70ADC4175}.Release|x86.ActiveCfg = Release|Any CPU
		{E5D34BAD-0D82-4AC6-9039-80F70ADC4175}.Release|x86.Build.0 = Release|Any CPU
	EndGlobalSection
	GlobalSection(SolutionProperties) = preSolution
		HideSolutionNode = FALSE
	EndGlobalSection
	GlobalSection(NestedProjects) = preSolution
		{784F6E4D-3E76-4868-A1D3-209D366A4872} = {827E0CD3-B72D-47B6-A68D-7590B98EB39B}
		{849ADC4B-6EF6-4572-ACFF-FC0FBE9D8C7E} = {827E0CD3-B72D-47B6-A68D-7590B98EB39B}
		{9C57CCB5-8707-419A-A847-3F47F8FABB1D} = {827E0CD3-B72D-47B6-A68D-7590B98EB39B}
		{4E013758-8F43-48D0-A8D6-6597D395A53D} = {827E0CD3-B72D-47B6-A68D-7590B98EB39B}
		{56B68FD3-1456-4DBD-8707-4817DA8F7FEC} = {827E0CD3-B72D-47B6-A68D-7590B98EB39B}
		{0CB90BF9-4C12-410A-BE3D-AE980C34B430} = {827E0CD3-B72D-47B6-A68D-7590B98EB39B}
		{F81FC847-E275-4C64-8730-D3818DF831B2} = {827E0CD3-B72D-47B6-A68D-7590B98EB39B}
		{55BCFC14-16E7-451B-A5BB-9C6000B3DA21} = {827E0CD3-B72D-47B6-A68D-7590B98EB39B}
		{405EB675-13CF-478B-9285-25C9AC6FC91B} = {827E0CD3-B72D-47B6-A68D-7590B98EB39B}
		{45FEA117-A1A9-4C8D-8132-06E061E0CAB0} = {827E0CD3-B72D-47B6-A68D-7590B98EB39B}
		{E5D34BAD-0D82-4AC6-9039-80F70ADC4175} = {827E0CD3-B72D-47B6-A68D-7590B98EB39B}
	EndGlobalSection
EndGlobal
